
Microsoft Visual Studio Solution File, Format Version 12.00
# Visual Studio Version 17
VisualStudioVersion = 17.5.33502.453
MinimumVisualStudioVersion = 10.0.40219.1
Project("{9A19103F-16F7-4668-BE54-9A1E7A4F7556}") = "CarrotLog", "CarrotLog\CarrotLog.csproj", "{E43AD665-95CA-4CB4-B48A-7D4C94027313}"
EndProject
Global
	GlobalSection(SolutionConfigurationPlatforms) = preSolution
		Debug|Any CPU = Debug|Any CPU
		Release|Any CPU = Release|Any CPU
	EndGlobalSection
	GlobalSection(ProjectConfigurationPlatforms) = postSolution
		{E43AD665-95CA-4CB4-B48A-7D4C94027313}.Debug|Any CPU.ActiveCfg = Debug|Any CPU
		{E43AD665-95CA-4CB4-B48A-7D4C94027313}.Debug|Any CPU.Build.0 = Debug|Any CPU
		{E43AD665-95CA-4CB4-B48A-7D4C94027313}.Release|Any CPU.ActiveCfg = Release|Any CPU
		{E43AD665-95CA-4CB4-B48A-7D4C94027313}.Release|Any CPU.Build.0 = Release|Any CPU
	EndGlobalSection
	GlobalSection(SolutionProperties) = preSolution
		HideSolutionNode = FALSE
	EndGlobalSection
	GlobalSection(ExtensibilityGlobals) = postSolution
		SolutionGuid = {7C4B5DF6-69C3-4B69-B8A9-E3289E2F72BC}
	EndGlobalSection
EndGlobal
